
Microsoft Visual Studio Solution File, Format Version 12.00
# Visual Studio Version 16
VisualStudioVersion = 16.0.31829.152
MinimumVisualStudioVersion = 10.0.40219.1
Project("{2150E333-8FDC-42A3-9474-1A3956D46DE8}") = "Services", "Services", "{4E853DB1-69F0-4977-A5CE-761FEF25402F}"
EndProject
Project("{2150E333-8FDC-42A3-9474-1A3956D46DE8}") = "Catalog", "Catalog", "{DAF0A841-57C2-4F85-B64A-5A82B2ABBD04}"
EndProject
Project("{9A19103F-16F7-4668-BE54-9A1E7A4F7556}") = "Catalog.API", "Services\Catalog\Catalog.API\Catalog.API.csproj", "{B5284406-083B-49AB-81B3-57971EA6C820}"
EndProject
Project("{E53339B2-1760-4266-BCC7-CA923CBCF16C}") = "docker-compose", "docker-compose.dcproj", "{1CF3EBE1-07CA-4B1E-8AA0-E69F9980899F}"
EndProject
Project("{2150E333-8FDC-42A3-9474-1A3956D46DE8}") = "Basket", "Basket", "{3CCC2697-E905-43C0-813A-836C0C96B93F}"
EndProject
Project("{9A19103F-16F7-4668-BE54-9A1E7A4F7556}") = "Basket.API", "Services\Basket\Basket.API\Basket.API.csproj", "{07F9E035-0EBF-49F4-9DE1-57D72B2BD878}"
EndProject
Project("{2150E333-8FDC-42A3-9474-1A3956D46DE8}") = "Discount", "Discount", "{C57A0C63-6B12-48F8-ABB9-DBC1A16D4E35}"
EndProject
Project("{FAE04EC0-301F-11D3-BF4B-00C04F79EFBC}") = "Discount.API", "Services\Discount\Discount.API\Discount.API.csproj", "{7777281E-AA1B-4A39-BD64-801B2EA0029B}"
EndProject
Global
	GlobalSection(SolutionConfigurationPlatforms) = preSolution
		Debug|Any CPU = Debug|Any CPU
		Release|Any CPU = Release|Any CPU
	EndGlobalSection
	GlobalSection(ProjectConfigurationPlatforms) = postSolution
		{B5284406-083B-49AB-81B3-57971EA6C820}.Debug|Any CPU.ActiveCfg = Debug|Any CPU
		{B5284406-083B-49AB-81B3-57971EA6C820}.Debug|Any CPU.Build.0 = Debug|Any CPU
		{B5284406-083B-49AB-81B3-57971EA6C820}.Release|Any CPU.ActiveCfg = Release|Any CPU
		{B5284406-083B-49AB-81B3-57971EA6C820}.Release|Any CPU.Build.0 = Release|Any CPU
		{1CF3EBE1-07CA-4B1E-8AA0-E69F9980899F}.Debug|Any CPU.ActiveCfg = Debug|Any CPU
		{1CF3EBE1-07CA-4B1E-8AA0-E69F9980899F}.Debug|Any CPU.Build.0 = Debug|Any CPU
		{1CF3EBE1-07CA-4B1E-8AA0-E69F9980899F}.Release|Any CPU.ActiveCfg = Release|Any CPU
		{1CF3EBE1-07CA-4B1E-8AA0-E69F9980899F}.Release|Any CPU.Build.0 = Release|Any CPU
		{07F9E035-0EBF-49F4-9DE1-57D72B2BD878}.Debug|Any CPU.ActiveCfg = Debug|Any CPU
		{07F9E035-0EBF-49F4-9DE1-57D72B2BD878}.Debug|Any CPU.Build.0 = Debug|Any CPU
		{07F9E035-0EBF-49F4-9DE1-57D72B2BD878}.Release|Any CPU.ActiveCfg = Release|Any CPU
		{07F9E035-0EBF-49F4-9DE1-57D72B2BD878}.Release|Any CPU.Build.0 = Release|Any CPU
		{7777281E-AA1B-4A39-BD64-801B2EA0029B}.Debug|Any CPU.ActiveCfg = Debug|Any CPU
		{7777281E-AA1B-4A39-BD64-801B2EA0029B}.Debug|Any CPU.Build.0 = Debug|Any CPU
		{7777281E-AA1B-4A39-BD64-801B2EA0029B}.Release|Any CPU.ActiveCfg = Release|Any CPU
		{7777281E-AA1B-4A39-BD64-801B2EA0029B}.Release|Any CPU.Build.0 = Release|Any CPU
	EndGlobalSection
	GlobalSection(SolutionProperties) = preSolution
		HideSolutionNode = FALSE
	EndGlobalSection
	GlobalSection(NestedProjects) = preSolution
		{DAF0A841-57C2-4F85-B64A-5A82B2ABBD04} = {4E853DB1-69F0-4977-A5CE-761FEF25402F}
		{B5284406-083B-49AB-81B3-57971EA6C820} = {DAF0A841-57C2-4F85-B64A-5A82B2ABBD04}
		{3CCC2697-E905-43C0-813A-836C0C96B93F} = {4E853DB1-69F0-4977-A5CE-761FEF25402F}
		{07F9E035-0EBF-49F4-9DE1-57D72B2BD878} = {3CCC2697-E905-43C0-813A-836C0C96B93F}
		{C57A0C63-6B12-48F8-ABB9-DBC1A16D4E35} = {4E853DB1-69F0-4977-A5CE-761FEF25402F}
		{7777281E-AA1B-4A39-BD64-801B2EA0029B} = {C57A0C63-6B12-48F8-ABB9-DBC1A16D4E35}
	EndGlobalSection
	GlobalSection(ExtensibilityGlobals) = postSolution
		SolutionGuid = {3ED91F0A-23DE-4FA3-A703-318CCCFCC78A}
	EndGlobalSection
EndGlobal
