
Microsoft Visual Studio Solution File, Format Version 12.00
# Visual Studio Version 16
VisualStudioVersion = 16.0.31829.152
MinimumVisualStudioVersion = 10.0.40219.1
Project("{2150E333-8FDC-42A3-9474-1A3956D46DE8}") = "Services", "Services", "{4E853DB1-69F0-4977-A5CE-761FEF25402F}"
EndProject
Project("{2150E333-8FDC-42A3-9474-1A3956D46DE8}") = "Catalog", "Catalog", "{DAF0A841-57C2-4F85-B64A-5A82B2ABBD04}"
EndProject
Project("{9A19103F-16F7-4668-BE54-9A1E7A4F7556}") = "Catalog.API", "Services\Catalog\Catalog.API\Catalog.API.csproj", "{B5284406-083B-49AB-81B3-57971EA6C820}"
EndProject
Project("{E53339B2-1760-4266-BCC7-CA923CBCF16C}") = "docker-compose", "docker-compose.dcproj", "{1CF3EBE1-07CA-4B1E-8AA0-E69F9980899F}"
EndProject
Project("{2150E333-8FDC-42A3-9474-1A3956D46DE8}") = "Basket", "Basket", "{3CCC2697-E905-43C0-813A-836C0C96B93F}"
EndProject
Project("{9A19103F-16F7-4668-BE54-9A1E7A4F7556}") = "Basket.API", "Services\Basket\Basket.API\Basket.API.csproj", "{07F9E035-0EBF-49F4-9DE1-57D72B2BD878}"
EndProject
Project("{2150E333-8FDC-42A3-9474-1A3956D46DE8}") = "Discount", "Discount", "{C57A0C63-6B12-48F8-ABB9-DBC1A16D4E35}"
EndProject
Project("{9A19103F-16F7-4668-BE54-9A1E7A4F7556}") = "Discount.API", "Services\Discount\Discount.API\Discount.API.csproj", "{7777281E-AA1B-4A39-BD64-801B2EA0029B}"
EndProject
Project("{9A19103F-16F7-4668-BE54-9A1E7A4F7556}") = "Discount.Grpc", "Services\Discount\Discount.Grpc\Discount.Grpc.csproj", "{E3FC9155-383E-477B-A430-0BC4CE0BA503}"
EndProject
Project("{2150E333-8FDC-42A3-9474-1A3956D46DE8}") = "Ordering", "Ordering", "{C3A654DE-7802-4F1C-AE91-654C711E9D37}"
EndProject
Project("{9A19103F-16F7-4668-BE54-9A1E7A4F7556}") = "Ordering.API", "Services\Ordering\Ordering.API\Ordering.API.csproj", "{FDAD8679-8415-4197-8C40-912605567969}"
EndProject
Project("{9A19103F-16F7-4668-BE54-9A1E7A4F7556}") = "Ordering.Domain", "Services\Ordering\Ordering.Domain\Ordering.Domain.csproj", "{C9D8EE5D-8A83-4724-AE58-99F10300A038}"
EndProject
Project("{9A19103F-16F7-4668-BE54-9A1E7A4F7556}") = "Ordering.Application", "Services\Ordering\Ordering.Application\Ordering.Application.csproj", "{89EBE442-E35C-4F19-9DED-45D089263218}"
EndProject
Project("{9A19103F-16F7-4668-BE54-9A1E7A4F7556}") = "Ordering.Infrastructure", "Services\Ordering\Ordering.Infrastructure\Ordering.Infrastructure.csproj", "{59684F90-0ABE-4162-9641-3B0371EBD9E7}"
EndProject
Project("{2150E333-8FDC-42A3-9474-1A3956D46DE8}") = "BuildingBlocks", "BuildingBlocks", "{FBDF5097-6602-4B6E-BC61-E6DCB7D14DA8}"
EndProject
Project("{FAE04EC0-301F-11D3-BF4B-00C04F79EFBC}") = "EventBus.Messages", "BuildingBlocks\EventBus.Messages\EventBus.Messages.csproj", "{718E46D4-AB55-410E-BF9A-AB2DD9B99A45}"
EndProject
Global
	GlobalSection(SolutionConfigurationPlatforms) = preSolution
		Debug|Any CPU = Debug|Any CPU
		Release|Any CPU = Release|Any CPU
	EndGlobalSection
	GlobalSection(ProjectConfigurationPlatforms) = postSolution
		{B5284406-083B-49AB-81B3-57971EA6C820}.Debug|Any CPU.ActiveCfg = Debug|Any CPU
		{B5284406-083B-49AB-81B3-57971EA6C820}.Debug|Any CPU.Build.0 = Debug|Any CPU
		{B5284406-083B-49AB-81B3-57971EA6C820}.Release|Any CPU.ActiveCfg = Release|Any CPU
		{B5284406-083B-49AB-81B3-57971EA6C820}.Release|Any CPU.Build.0 = Release|Any CPU
		{1CF3EBE1-07CA-4B1E-8AA0-E69F9980899F}.Debug|Any CPU.ActiveCfg = Debug|Any CPU
		{1CF3EBE1-07CA-4B1E-8AA0-E69F9980899F}.Debug|Any CPU.Build.0 = Debug|Any CPU
		{1CF3EBE1-07CA-4B1E-8AA0-E69F9980899F}.Release|Any CPU.ActiveCfg = Release|Any CPU
		{1CF3EBE1-07CA-4B1E-8AA0-E69F9980899F}.Release|Any CPU.Build.0 = Release|Any CPU
		{07F9E035-0EBF-49F4-9DE1-57D72B2BD878}.Debug|Any CPU.ActiveCfg = Debug|Any CPU
		{07F9E035-0EBF-49F4-9DE1-57D72B2BD878}.Debug|Any CPU.Build.0 = Debug|Any CPU
		{07F9E035-0EBF-49F4-9DE1-57D72B2BD878}.Release|Any CPU.ActiveCfg = Release|Any CPU
		{07F9E035-0EBF-49F4-9DE1-57D72B2BD878}.Release|Any CPU.Build.0 = Release|Any CPU
		{7777281E-AA1B-4A39-BD64-801B2EA0029B}.Debug|Any CPU.ActiveCfg = Debug|Any CPU
		{7777281E-AA1B-4A39-BD64-801B2EA0029B}.Debug|Any CPU.Build.0 = Debug|Any CPU
		{7777281E-AA1B-4A39-BD64-801B2EA0029B}.Release|Any CPU.ActiveCfg = Release|Any CPU
		{7777281E-AA1B-4A39-BD64-801B2EA0029B}.Release|Any CPU.Build.0 = Release|Any CPU
		{E3FC9155-383E-477B-A430-0BC4CE0BA503}.Debug|Any CPU.ActiveCfg = Debug|Any CPU
		{E3FC9155-383E-477B-A430-0BC4CE0BA503}.Debug|Any CPU.Build.0 = Debug|Any CPU
		{E3FC9155-383E-477B-A430-0BC4CE0BA503}.Release|Any CPU.ActiveCfg = Release|Any CPU
		{E3FC9155-383E-477B-A430-0BC4CE0BA503}.Release|Any CPU.Build.0 = Release|Any CPU
		{FDAD8679-8415-4197-8C40-912605567969}.Debug|Any CPU.ActiveCfg = Debug|Any CPU
		{FDAD8679-8415-4197-8C40-912605567969}.Debug|Any CPU.Build.0 = Debug|Any CPU
		{FDAD8679-8415-4197-8C40-912605567969}.Release|Any CPU.ActiveCfg = Release|Any CPU
		{FDAD8679-8415-4197-8C40-912605567969}.Release|Any CPU.Build.0 = Release|Any CPU
		{C9D8EE5D-8A83-4724-AE58-99F10300A038}.Debug|Any CPU.ActiveCfg = Debug|Any CPU
		{C9D8EE5D-8A83-4724-AE58-99F10300A038}.Debug|Any CPU.Build.0 = Debug|Any CPU
		{C9D8EE5D-8A83-4724-AE58-99F10300A038}.Release|Any CPU.ActiveCfg = Release|Any CPU
		{C9D8EE5D-8A83-4724-AE58-99F10300A038}.Release|Any CPU.Build.0 = Release|Any CPU
		{89EBE442-E35C-4F19-9DED-45D089263218}.Debug|Any CPU.ActiveCfg = Debug|Any CPU
		{89EBE442-E35C-4F19-9DED-45D089263218}.Debug|Any CPU.Build.0 = Debug|Any CPU
		{89EBE442-E35C-4F19-9DED-45D089263218}.Release|Any CPU.ActiveCfg = Release|Any CPU
		{89EBE442-E35C-4F19-9DED-45D089263218}.Release|Any CPU.Build.0 = Release|Any CPU
		{59684F90-0ABE-4162-9641-3B0371EBD9E7}.Debug|Any CPU.ActiveCfg = Debug|Any CPU
		{59684F90-0ABE-4162-9641-3B0371EBD9E7}.Debug|Any CPU.Build.0 = Debug|Any CPU
		{59684F90-0ABE-4162-9641-3B0371EBD9E7}.Release|Any CPU.ActiveCfg = Release|Any CPU
		{59684F90-0ABE-4162-9641-3B0371EBD9E7}.Release|Any CPU.Build.0 = Release|Any CPU
		{718E46D4-AB55-410E-BF9A-AB2DD9B99A45}.Debug|Any CPU.ActiveCfg = Debug|Any CPU
		{718E46D4-AB55-410E-BF9A-AB2DD9B99A45}.Debug|Any CPU.Build.0 = Debug|Any CPU
		{718E46D4-AB55-410E-BF9A-AB2DD9B99A45}.Release|Any CPU.ActiveCfg = Release|Any CPU
		{718E46D4-AB55-410E-BF9A-AB2DD9B99A45}.Release|Any CPU.Build.0 = Release|Any CPU
	EndGlobalSection
	GlobalSection(SolutionProperties) = preSolution
		HideSolutionNode = FALSE
	EndGlobalSection
	GlobalSection(NestedProjects) = preSolution
		{DAF0A841-57C2-4F85-B64A-5A82B2ABBD04} = {4E853DB1-69F0-4977-A5CE-761FEF25402F}
		{B5284406-083B-49AB-81B3-57971EA6C820} = {DAF0A841-57C2-4F85-B64A-5A82B2ABBD04}
		{3CCC2697-E905-43C0-813A-836C0C96B93F} = {4E853DB1-69F0-4977-A5CE-761FEF25402F}
		{07F9E035-0EBF-49F4-9DE1-57D72B2BD878} = {3CCC2697-E905-43C0-813A-836C0C96B93F}
		{C57A0C63-6B12-48F8-ABB9-DBC1A16D4E35} = {4E853DB1-69F0-4977-A5CE-761FEF25402F}
		{7777281E-AA1B-4A39-BD64-801B2EA0029B} = {C57A0C63-6B12-48F8-ABB9-DBC1A16D4E35}
		{E3FC9155-383E-477B-A430-0BC4CE0BA503} = {C57A0C63-6B12-48F8-ABB9-DBC1A16D4E35}
		{C3A654DE-7802-4F1C-AE91-654C711E9D37} = {4E853DB1-69F0-4977-A5CE-761FEF25402F}
		{FDAD8679-8415-4197-8C40-912605567969} = {C3A654DE-7802-4F1C-AE91-654C711E9D37}
		{C9D8EE5D-8A83-4724-AE58-99F10300A038} = {C3A654DE-7802-4F1C-AE91-654C711E9D37}
		{89EBE442-E35C-4F19-9DED-45D089263218} = {C3A654DE-7802-4F1C-AE91-654C711E9D37}
		{59684F90-0ABE-4162-9641-3B0371EBD9E7} = {C3A654DE-7802-4F1C-AE91-654C711E9D37}
		{718E46D4-AB55-410E-BF9A-AB2DD9B99A45} = {FBDF5097-6602-4B6E-BC61-E6DCB7D14DA8}
	EndGlobalSection
	GlobalSection(ExtensibilityGlobals) = postSolution
		SolutionGuid = {3ED91F0A-23DE-4FA3-A703-318CCCFCC78A}
	EndGlobalSection
EndGlobal
